
Microsoft Visual Studio Solution File, Format Version 12.00
# Visual Studio Version 17
VisualStudioVersion = 17.3.32929.385
MinimumVisualStudioVersion = 10.0.40219.1
Project("{8BC9CEB8-8B4A-11D0-8D11-00A0C91BC942}") = "Struct_Sem_1", "Struct_Sem_1\Struct_Sem_1.vcxproj", "{135BE858-3A65-4CE5-8482-5BD281FD7B45}"
EndProject
Project("{8BC9CEB8-8B4A-11D0-8D11-00A0C91BC942}") = "Sample-Test1", "Sample-Test1\Sample-Test1.vcxproj", "{B273F2F3-8D61-471E-AB87-55D276B83044}"
EndProject
Global
	GlobalSection(SolutionConfigurationPlatforms) = preSolution
		Debug|x64 = Debug|x64
		Debug|x86 = Debug|x86
		Release|x64 = Release|x64
		Release|x86 = Release|x86
	EndGlobalSection
	GlobalSection(ProjectConfigurationPlatforms) = postSolution
		{135BE858-3A65-4CE5-8482-5BD281FD7B45}.Debug|x64.ActiveCfg = Debug|x64
		{135BE858-3A65-4CE5-8482-5BD281FD7B45}.Debug|x64.Build.0 = Debug|x64
		{135BE858-3A65-4CE5-8482-5BD281FD7B45}.Debug|x86.ActiveCfg = Debug|Win32
		{135BE858-3A65-4CE5-8482-5BD281FD7B45}.Debug|x86.Build.0 = Debug|Win32
		{135BE858-3A65-4CE5-8482-5BD281FD7B45}.Release|x64.ActiveCfg = Release|x64
		{135BE858-3A65-4CE5-8482-5BD281FD7B45}.Release|x64.Build.0 = Release|x64
		{135BE858-3A65-4CE5-8482-5BD281FD7B45}.Release|x86.ActiveCfg = Release|Win32
		{135BE858-3A65-4CE5-8482-5BD281FD7B45}.Release|x86.Build.0 = Release|Win32
		{B273F2F3-8D61-471E-AB87-55D276B83044}.Debug|x64.ActiveCfg = Debug|x64
		{B273F2F3-8D61-471E-AB87-55D276B83044}.Debug|x64.Build.0 = Debug|x64
		{B273F2F3-8D61-471E-AB87-55D276B83044}.Debug|x86.ActiveCfg = Debug|Win32
		{B273F2F3-8D61-471E-AB87-55D276B83044}.Debug|x86.Build.0 = Debug|Win32
		{B273F2F3-8D61-471E-AB87-55D276B83044}.Release|x64.ActiveCfg = Release|x64
		{B273F2F3-8D61-471E-AB87-55D276B83044}.Release|x64.Build.0 = Release|x64
		{B273F2F3-8D61-471E-AB87-55D276B83044}.Release|x86.ActiveCfg = Release|Win32
		{B273F2F3-8D61-471E-AB87-55D276B83044}.Release|x86.Build.0 = Release|Win32
	EndGlobalSection
	GlobalSection(SolutionProperties) = preSolution
		HideSolutionNode = FALSE
	EndGlobalSection
	GlobalSection(ExtensibilityGlobals) = postSolution
		SolutionGuid = {4D929160-8FFD-4CDF-8430-5EF71B166824}
	EndGlobalSection
EndGlobal
